
Microsoft Visual Studio Solution File, Format Version 12.00
# Visual Studio 15
VisualStudioVersion = 15.0.28307.572
MinimumVisualStudioVersion = 10.0.40219.1
Project("{FAE04EC0-301F-11D3-BF4B-00C04F79EFBC}") = "SegViewer", "SegViewer\SegViewer.csproj", "{D1BA52C8-3028-4D4A-8E4E-0E2BE54135DB}"
EndProject
Global
	GlobalSection(SolutionConfigurationPlatforms) = preSolution
		Debug|Any CPU = Debug|Any CPU
		Debug|x64 = Debug|x64
		Release|Any CPU = Release|Any CPU
		Release|x64 = Release|x64
	EndGlobalSection
	GlobalSection(ProjectConfigurationPlatforms) = postSolution
		{D1BA52C8-3028-4D4A-8E4E-0E2BE54135DB}.Debug|Any CPU.ActiveCfg = Debug|Any CPU
		{D1BA52C8-3028-4D4A-8E4E-0E2BE54135DB}.Debug|Any CPU.Build.0 = Debug|Any CPU
		{D1BA52C8-3028-4D4A-8E4E-0E2BE54135DB}.Debug|x64.ActiveCfg = Debug|x64
		{D1BA52C8-3028-4D4A-8E4E-0E2BE54135DB}.Debug|x64.Build.0 = Debug|x64
		{D1BA52C8-3028-4D4A-8E4E-0E2BE54135DB}.Release|Any CPU.ActiveCfg = Release|Any CPU
		{D1BA52C8-3028-4D4A-8E4E-0E2BE54135DB}.Release|Any CPU.Build.0 = Release|Any CPU
		{D1BA52C8-3028-4D4A-8E4E-0E2BE54135DB}.Release|x64.ActiveCfg = Release|x64
		{D1BA52C8-3028-4D4A-8E4E-0E2BE54135DB}.Release|x64.Build.0 = Release|x64
	EndGlobalSection
	GlobalSection(SolutionProperties) = preSolution
		HideSolutionNode = FALSE
	EndGlobalSection
	GlobalSection(ExtensibilityGlobals) = postSolution
		SolutionGuid = {7190BA3C-DCA3-4B92-8768-76995DCF3BF9}
	EndGlobalSection
EndGlobal
